<?xml version="1.0" encoding="utf-8"?>
<Project ToolsVersion="4.0" xmlns="http://schemas.microsoft.com/developer/msbuild/2003">
  <ItemGroup>
    <ClCompile Include="marble\abstraction\ComputeShader.cpp" />
    <ClCompile Include="marble\vendor\glad.c" />
    <ClCompile Include="main.cpp" />
    <ClCompile Include="marble\abstraction\Camera.cpp" />
    <ClCompile Include="marble\abstraction\Cubemap.cpp" />
    <ClCompile Include="marble\abstraction\FrameBufferObject.cpp" />
    <ClCompile Include="marble\abstraction\IndexBufferObject.cpp" />
    <ClCompile Include="marble\abstraction\Inputs.cpp" />
    <ClCompile Include="marble\abstraction\Mesh.cpp" />
    <ClCompile Include="marble\abstraction\Shader.cpp" />
    <ClCompile Include="marble\abstraction\stb_image_impl.cpp" />
    <ClCompile Include="marble\abstraction\Texture.cpp" />
    <ClCompile Include="marble\abstraction\TextureAtlas.cpp" />
    <ClCompile Include="marble\abstraction\UnifiedRenderer.cpp" />
    <ClCompile Include="marble\abstraction\VertexArray.cpp" />
    <ClCompile Include="marble\abstraction\VertexBufferObject.cpp" />
    <ClCompile Include="marble\abstraction\Window.cpp" />
    <ClCompile Include="marble\Sandbox\Scene.cpp" />
    <ClCompile Include="marble\Utils\Debug.cpp" />
    <ClCompile Include="marble\vendor\imgui\imgui.cpp" />
    <ClCompile Include="marble\vendor\imgui\imgui_demo.cpp" />
    <ClCompile Include="marble\vendor\imgui\imgui_draw.cpp" />
    <ClCompile Include="marble\vendor\imgui\imgui_impl_glfw.cpp" />
    <ClCompile Include="marble\vendor\imgui\imgui_impl_opengl3.cpp" />
    <ClCompile Include="marble\vendor\imgui\imgui_tables.cpp" />
    <ClCompile Include="marble\vendor\imgui\imgui_widgets.cpp" />
    <ClCompile Include="marble\World\Grass.cpp" />
    <ClCompile Include="marble\World\Player.cpp" />
    <ClCompile Include="marble\World\SunCameraHelper.cpp" />
    <ClCompile Include="marble\World\TerrainGeneration\HeightMap.cpp" />
    <ClCompile Include="marble\World\TerrainGeneration\Noise.cpp" />
    <ClCompile Include="marble\World\Sky.cpp" />
    <ClCompile Include="marble\World\TerrainGeneration\Terrain.cpp" />
    <ClCompile Include="marble\World\Water\Water.cpp" />
    <ClCompile Include="marble\World\Water\WaterRenderer.cpp" />
    <ClCompile Include="marble\World\Water\WaterSource.cpp" />
    <ClCompile Include="marble\World\Props\PropsManager.cpp" />
  </ItemGroup>
  <ItemGroup>
    <ClInclude Include="Libraries\include\glad\glad.h" />
    <ClInclude Include="Libraries\include\GLFW\glfw3.h" />
    <ClInclude Include="Libraries\include\GLFW\glfw3native.h" />
    <ClInclude Include="Libraries\include\KHR\khrplatform.h" />
    <ClInclude Include="marble\abstraction\BufferObject.h" />
    <ClInclude Include="marble\abstraction\Camera.h" />
    <ClInclude Include="marble\abstraction\ComputeShader.h" />
    <ClInclude Include="marble\abstraction\Cubemap.h" />
    <ClInclude Include="marble\abstraction\FrameBufferObject.h" />
    <ClInclude Include="marble\abstraction\IndexBufferObject.h" />
    <ClInclude Include="marble\abstraction\Inputs.h" />
    <ClInclude Include="marble\abstraction\SpecializedRender.h" />
    <ClInclude Include="marble\abstraction\Mesh.h" />
    <ClInclude Include="marble\abstraction\pipeline\Bloom.h" />
    <ClInclude Include="marble\abstraction\pipeline\Contrast.h" />
    <ClInclude Include="marble\abstraction\pipeline\GammaCorrection.h" />
    <ClInclude Include="marble\abstraction\pipeline\Saturation.h" />
    <ClInclude Include="marble\abstraction\pipeline\Sharpness.h" />
    <ClInclude Include="marble\abstraction\pipeline\VFX.h" />
    <ClInclude Include="marble\abstraction\pipeline\VFXPipeline.h" />
    <ClInclude Include="marble\abstraction\Shader.h" />
    <ClInclude Include="Libraries\include\stb\stb_image_write.h" />
    <ClInclude Include="marble\abstraction\Texture.h" />
    <ClInclude Include="marble\abstraction\TextureAtlas.h" />
    <ClInclude Include="marble\abstraction\UnifiedRenderer.h" />
    <ClInclude Include="marble\abstraction\VertexArray.h" />
    <ClInclude Include="marble\abstraction\VertexBufferObject.h" />
    <ClInclude Include="marble\abstraction\Window.h" />
    <ClInclude Include="marble\Sandbox\Scene.h" />
    <ClInclude Include="marble\Sandbox\Scenes\TestCameras.h" />
    <ClInclude Include="marble\Sandbox\Scenes\TestComputeShader.h" />
    <ClInclude Include="marble\Sandbox\Scenes\TestFB.h" />
    <ClInclude Include="marble\Sandbox\Scenes\TestInstanced.h" />
    <ClInclude Include="marble\Sandbox\Scenes\TestShaders.h" />
    <ClInclude Include="marble\Sandbox\Scenes\TestShadows.h" />
    <ClInclude Include="marble\Sandbox\Scenes\TestSky.h" />
    <ClInclude Include="marble\Sandbox\Scenes\TestTerrain.h" />
    <ClInclude Include="marble\Sandbox\Scenes\TestWater.h" />
    <ClInclude Include="marble\Sandbox\Tests.h" />
    <ClInclude Include="marble\Utils\AABB.h" />
    <ClInclude Include="marble\Utils\BoundingSphere.h" />
    <ClInclude Include="marble\Utils\Debug.h" />
    <ClInclude Include="marble\Utils\Mathf.h" />
    <ClInclude Include="marble\Utils\MathIterators.h" />
    <ClInclude Include="marble\Utils\StringUtils.h" />
    <ClInclude Include="marble\vendor\imgui\imconfig.h" />
    <ClInclude Include="marble\vendor\imgui\imgui.h" />
    <ClInclude Include="marble\vendor\imgui\imgui_impl_glfw.h" />
    <ClInclude Include="marble\vendor\imgui\imgui_impl_opengl3.h" />
    <ClInclude Include="marble\vendor\imgui\imgui_impl_opengl3_loader.h" />
    <ClInclude Include="marble\vendor\imgui\imgui_internal.h" />
    <ClInclude Include="marble\vendor\imgui\imstb_rectpack.h" />
    <ClInclude Include="marble\vendor\imgui\imstb_textedit.h" />
    <ClInclude Include="marble\vendor\imgui\imstb_truetype.h" />
    <ClInclude Include="src\vendor\imgui\stb_rect_pack.h" />
    <ClInclude Include="src\vendor\imgui\stb_textedit.h" />
    <ClInclude Include="src\vendor\imgui\stb_truetype.h" />
    <ClInclude Include="marble\World\Grass.h" />
    <ClInclude Include="marble\World\Player.h" />
    <ClInclude Include="marble\World\SunCameraHelper.h" />
    <ClInclude Include="marble\World\TerrainGeneration\HeightMap.h" />
    <ClInclude Include="marble\World\TerrainGeneration\Noise.h" />
    <ClInclude Include="marble\World\TerrainGeneration\PerlinNoise.hpp" />
    <ClInclude Include="marble\World\Sky.h" />
    <ClInclude Include="src\world\TerrainGeneration\TreeGenerator.h" />
    <ClInclude Include="marble\World\Water\WaterRenderer.h" />
    <ClInclude Include="marble\World\Water\WaterSource.h" />
    <ClInclude Include="marble\World\TerrainGeneration\Terrain.h" />
    <ClInclude Include="marble\Sandbox\Scenes\POC1.h" />
    <ClInclude Include="marble\Sandbox\Scenes\POC2.h" />
    <ClInclude Include="marble\Sandbox\Scenes\POC3.h" />
    <ClInclude Include="marble\Sandbox\Scenes\POC4.h" />
    <ClInclude Include="marble\World\Light\Light.h" />
    <ClInclude Include="marble\Sandbox\Scenes\TestBloom.h" />
    <ClInclude Include="marble\abstraction\pipeline\Flares.h" />
    <ClInclude Include="marble\abstraction\pipeline\LensMask.h" />
    <ClInclude Include="marble\World\Water\Water.h" />
    <ClInclude Include="marble\Sandbox\Scenes\TestAtlas.h" />
    <ClInclude Include="marble\World\Light\LightManager.h" />
    <ClInclude Include="marble\World\Props\PropsManager.h" />
  </ItemGroup>
  <ItemGroup>
    <Library Include="Libraries\lib\glfw3.lib" />
  </ItemGroup>
  <ItemGroup>
    <None Include=".gitattributes" />
    <None Include=".gitignore" />
    <None Include="imgui.ini" />
    <None Include="README.md" />
    <None Include="res\shaders\blit.fs" />
    <None Include="res\shaders\blit.vs" />
    <None Include="res\shaders\contrast.fs" />
    <None Include="res\shaders\cubemap.fs" />
    <None Include="res\shaders\cubemap.vs" />
    <None Include="res\shaders\debugFlatScreen.fs" />
    <None Include="res\shaders\debugFlatScreen.vs" />
    <None Include="res\shaders\gammacorrection.fs" />
    <None Include="res\shaders\grass\compact.comp" />
    <None Include="res\shaders\grass\grass.fs" />
    <None Include="res\shaders\grass\grass.vs" />
    <None Include="res\shaders\grass\scan_accumulate.comp" />
    <None Include="res\shaders\grass\scan_blocks.comp" />
    <None Include="res\shaders\grass\scan_groups.comp" />
    <None Include="res\shaders\grass\vote.comp" />
    <None Include="res\shaders\saturation.fs" />
    <None Include="res\shaders\test_compute.comp" />
    <None Include="res\shaders\shadows.fs" />
    <None Include="res\shaders\shadows.vs" />
    <None Include="res\shaders\shadows_testblitdepth.fs" />
    <None Include="res\shaders\sharpness.fs" />
    <None Include="res\shaders\standard.vs" />
    <None Include="res\shaders\standard_color.fs" />
    <None Include="res\shaders\standard_line.vs" />
    <None Include="res\shaders\test_scene.fs" />
    <None Include="res\shaders\test_scene.vs" />
    <None Include="res\shaders\water.fs" />
    <None Include="res\shaders\water.vs" />
    <None Include="res\shaders\depth_pass.vs" />
    <None Include="res\shaders\depth_pass.fs" />
    <None Include="res\shaders\flare.vs" />
    <None Include="res\shaders\flare.fs" />
    <None Include="res\shaders\lensmask.fs" />
    <None Include="res\shaders\mesh_parts\base.fs" />
    <None Include="res\shaders\mesh_parts\color_terrain.fs" />
    <None Include="res\shaders\mesh_parts\color_mesa.fs" />
    <None Include="res\shaders\mesh_parts\color_fromnormals.fs" />
    <None Include="res\shaders\mesh_parts\shadows_normal.fs" />
    <None Include="res\shaders\mesh_parts\shadows_casted.fs" />
    <None Include="res\shaders\mesh_parts\lights_none.fs" />
    <None Include="res\shaders\mesh_parts\lights_pointlights.fs" />
    <None Include="res\shaders\mesh_parts\final_none.fs" />
    <None Include="res\shaders\mesh_parts\final_fog.fs" />
    <None Include="res\shaders\mesh_parts\color_singletexture.fs" />
    <None Include="res\shaders\mesh_parts\normal_none.fs" />
    <None Include="res\shaders\mesh_parts\normal_normalmap.fs" />
    <None Include="res\shaders\clouds.vs" />
    <None Include="res\shaders\clouds.fs" />
  </ItemGroup>
</Project>